
Microsoft Visual Studio Solution File, Format Version 12.00
# Visual Studio Version 17
VisualStudioVersion = 17.6.33927.249
MinimumVisualStudioVersion = 10.0.40219.1
Project("{FAE04EC0-301F-11D3-BF4B-00C04F79EFBC}") = "PRN221.Team5.Web", "PRN221.Team5.Web.csproj", "{DC9A3B1C-94A7-4AFF-B670-CF2E8775CAB5}"
	ProjectSection(ProjectDependencies) = postProject
		{C825CD99-1235-45B4-B658-6F527B001A19} = {C825CD99-1235-45B4-B658-6F527B001A19}
	EndProjectSection
EndProject
Project("{FAE04EC0-301F-11D3-BF4B-00C04F79EFBC}") = "PRN221.Team5.Domain", "..\PRN221.Team5.Domain\PRN221.Team5.Domain.csproj", "{005C0EC5-C0C4-47DE-8FF9-94D5CC867055}"
EndProject
Project("{FAE04EC0-301F-11D3-BF4B-00C04F79EFBC}") = "PRN221.Team5.Application", "..\PRN221.Team5.Application\PRN221.Team5.Application.csproj", "{C825CD99-1235-45B4-B658-6F527B001A19}"
	ProjectSection(ProjectDependencies) = postProject
		{005C0EC5-C0C4-47DE-8FF9-94D5CC867055} = {005C0EC5-C0C4-47DE-8FF9-94D5CC867055}
	EndProjectSection
EndProject
Global
	GlobalSection(SolutionConfigurationPlatforms) = preSolution
		Debug|Any CPU = Debug|Any CPU
		Release|Any CPU = Release|Any CPU
	EndGlobalSection
	GlobalSection(ProjectConfigurationPlatforms) = postSolution
		{DC9A3B1C-94A7-4AFF-B670-CF2E8775CAB5}.Debug|Any CPU.ActiveCfg = Debug|Any CPU
		{DC9A3B1C-94A7-4AFF-B670-CF2E8775CAB5}.Debug|Any CPU.Build.0 = Debug|Any CPU
		{DC9A3B1C-94A7-4AFF-B670-CF2E8775CAB5}.Release|Any CPU.ActiveCfg = Release|Any CPU
		{DC9A3B1C-94A7-4AFF-B670-CF2E8775CAB5}.Release|Any CPU.Build.0 = Release|Any CPU
		{005C0EC5-C0C4-47DE-8FF9-94D5CC867055}.Debug|Any CPU.ActiveCfg = Debug|Any CPU
		{005C0EC5-C0C4-47DE-8FF9-94D5CC867055}.Debug|Any CPU.Build.0 = Debug|Any CPU
		{005C0EC5-C0C4-47DE-8FF9-94D5CC867055}.Release|Any CPU.ActiveCfg = Release|Any CPU
		{005C0EC5-C0C4-47DE-8FF9-94D5CC867055}.Release|Any CPU.Build.0 = Release|Any CPU
		{C825CD99-1235-45B4-B658-6F527B001A19}.Debug|Any CPU.ActiveCfg = Debug|Any CPU
		{C825CD99-1235-45B4-B658-6F527B001A19}.Debug|Any CPU.Build.0 = Debug|Any CPU
		{C825CD99-1235-45B4-B658-6F527B001A19}.Release|Any CPU.ActiveCfg = Release|Any CPU
		{C825CD99-1235-45B4-B658-6F527B001A19}.Release|Any CPU.Build.0 = Release|Any CPU
	EndGlobalSection
	GlobalSection(SolutionProperties) = preSolution
		HideSolutionNode = FALSE
	EndGlobalSection
	GlobalSection(ExtensibilityGlobals) = postSolution
		SolutionGuid = {68454A32-6580-4261-A63F-1612D4F4ABEC}
	EndGlobalSection
EndGlobal
